// !$*UTF8*$!
{
	archiveVersion = 1;
	classes = {
	};
	objectVersion = 50;
	objects = {

/* Begin PBXBuildFile section */
		8B48E4B82383B4E000014BBB /* headerModal.swift in Sources */ = {isa = PBXBuildFile; fileRef = 8B48E4B72383B4E000014BBB /* headerModal.swift */; };
		8B63EA07239A269000605140 /* ScheduleDetail.swift in Sources */ = {isa = PBXBuildFile; fileRef = 8B63EA06239A269000605140 /* ScheduleDetail.swift */; };
		8B7DCB942384EC8D00C733C5 /* SchedulePageEdit.swift in Sources */ = {isa = PBXBuildFile; fileRef = 8B7DCB932384EC8D00C733C5 /* SchedulePageEdit.swift */; };
		8BEE759F237E78D800B415A7 /* JadwalModel.swift in Sources */ = {isa = PBXBuildFile; fileRef = 8BEE759E237E78D800B415A7 /* JadwalModel.swift */; };
		F60508CB239DD55B0013156F /* ProfileEditCType.swift in Sources */ = {isa = PBXBuildFile; fileRef = F60508CA239DD55B0013156F /* ProfileEditCType.swift */; };
		F60508D3239DF71F0013156F /* ScheduleEmpty.swift in Sources */ = {isa = PBXBuildFile; fileRef = F60508CC239DF71E0013156F /* ScheduleEmpty.swift */; };
		F60508D4239DF71F0013156F /* ScheduleMainView.swift in Sources */ = {isa = PBXBuildFile; fileRef = F60508CD239DF71E0013156F /* ScheduleMainView.swift */; };
		F60508D5239DF71F0013156F /* CatatanJadwal.swift in Sources */ = {isa = PBXBuildFile; fileRef = F60508CE239DF71E0013156F /* CatatanJadwal.swift */; };
		F60508D6239DF71F0013156F /* CardRiwayatEmpty.swift in Sources */ = {isa = PBXBuildFile; fileRef = F60508CF239DF71E0013156F /* CardRiwayatEmpty.swift */; };
		F60508D9239DF71F0013156F /* CardRiwayat.swift in Sources */ = {isa = PBXBuildFile; fileRef = F60508D2239DF71F0013156F /* CardRiwayat.swift */; };
		F606DA9C23C060B6000988ED /* TimePicker.swift in Sources */ = {isa = PBXBuildFile; fileRef = F606DA9B23C060B6000988ED /* TimePicker.swift */; };
		F606DA9E23C07A1E000988ED /* ObatCard.swift in Sources */ = {isa = PBXBuildFile; fileRef = F606DA9D23C07A1E000988ED /* ObatCard.swift */; };
		F606DAA023C2B98F000988ED /* ObatDetail.swift in Sources */ = {isa = PBXBuildFile; fileRef = F606DA9F23C2B98F000988ED /* ObatDetail.swift */; };
		F626A0CD2399FAA50045EC6D /* CancerTypeModel.swift in Sources */ = {isa = PBXBuildFile; fileRef = F626A0CC2399FAA50045EC6D /* CancerTypeModel.swift */; };
		F626A0CF239A03140045EC6D /* ProfileAddCType.swift in Sources */ = {isa = PBXBuildFile; fileRef = F626A0CE239A03140045EC6D /* ProfileAddCType.swift */; };
		F626A0D2239B63330045EC6D /* Webview.swift in Sources */ = {isa = PBXBuildFile; fileRef = F626A0D1239B63330045EC6D /* Webview.swift */; };
		F626A102239B63AA0045EC6D /* single_item.html in Resources */ = {isa = PBXBuildFile; fileRef = F626A0FF239B63A90045EC6D /* single_item.html */; };
		F626A103239B63AA0045EC6D /* invoice.html in Resources */ = {isa = PBXBuildFile; fileRef = F626A100239B63AA0045EC6D /* invoice.html */; };
		F626A104239B63AA0045EC6D /* last_item.html in Resources */ = {isa = PBXBuildFile; fileRef = F626A101239B63AA0045EC6D /* last_item.html */; };
		F626A106239B63D60045EC6D /* My CV.pdf in Resources */ = {isa = PBXBuildFile; fileRef = F626A105239B63D60045EC6D /* My CV.pdf */; };
		F626A109239B65F20045EC6D /* PDFView.swift in Sources */ = {isa = PBXBuildFile; fileRef = F626A108239B65F20045EC6D /* PDFView.swift */; };
		F626A10D239B7AB90045EC6D /* EmailView.swift in Sources */ = {isa = PBXBuildFile; fileRef = F626A10C239B7AB90045EC6D /* EmailView.swift */; };
		F62C5CA423B44A7D00468D45 /* RiwayatPage.swift in Sources */ = {isa = PBXBuildFile; fileRef = F62C5CA323B44A7D00468D45 /* RiwayatPage.swift */; };
		F62C5CA623B46E9C00468D45 /* TreatmentPage.swift in Sources */ = {isa = PBXBuildFile; fileRef = F62C5CA523B46E9C00468D45 /* TreatmentPage.swift */; };
		F62C5CA823B46F2700468D45 /* ObatPage.swift in Sources */ = {isa = PBXBuildFile; fileRef = F62C5CA723B46F2600468D45 /* ObatPage.swift */; };
		F62C5CAA23B4737C00468D45 /* TreatmentIsEmpty.swift in Sources */ = {isa = PBXBuildFile; fileRef = F62C5CA923B4737C00468D45 /* TreatmentIsEmpty.swift */; };
		F62C5CAC23B473FB00468D45 /* TreatmentCard.swift in Sources */ = {isa = PBXBuildFile; fileRef = F62C5CAB23B473FB00468D45 /* TreatmentCard.swift */; };
		F62C5CAE23B475DE00468D45 /* ProgressCircle.swift in Sources */ = {isa = PBXBuildFile; fileRef = F62C5CAD23B475DE00468D45 /* ProgressCircle.swift */; };
		F63D830D24363AC9006E8D0E /* Localizable.strings in Resources */ = {isa = PBXBuildFile; fileRef = F63D830B24363AC9006E8D0E /* Localizable.strings */; };
		F6516B62237E73100035E8E4 /* SchedulePage.swift in Sources */ = {isa = PBXBuildFile; fileRef = F6516B61237E73100035E8E4 /* SchedulePage.swift */; };
		F6516BB823822F120035E8E4 /* BoardingView.swift in Sources */ = {isa = PBXBuildFile; fileRef = F6516BB223822F110035E8E4 /* BoardingView.swift */; };
		F6516BB923822F120035E8E4 /* PageController.swift in Sources */ = {isa = PBXBuildFile; fileRef = F6516BB323822F110035E8E4 /* PageController.swift */; };
		F6516BBA23822F120035E8E4 /* OnboardingCardView.swift in Sources */ = {isa = PBXBuildFile; fileRef = F6516BB423822F110035E8E4 /* OnboardingCardView.swift */; };
		F6516BBB23822F120035E8E4 /* PageView.swift in Sources */ = {isa = PBXBuildFile; fileRef = F6516BB523822F120035E8E4 /* PageView.swift */; };
		F6516BBC23822F120035E8E4 /* PageViewController.swift in Sources */ = {isa = PBXBuildFile; fileRef = F6516BB623822F120035E8E4 /* PageViewController.swift */; };
		F6516BBD23822F120035E8E4 /* OnboardingCard.swift in Sources */ = {isa = PBXBuildFile; fileRef = F6516BB723822F120035E8E4 /* OnboardingCard.swift */; };
		F6516BBF23824F180035E8E4 /* SummaryEmpty.swift in Sources */ = {isa = PBXBuildFile; fileRef = F6516BBE23824F180035E8E4 /* SummaryEmpty.swift */; };
		F6516BC12383807D0035E8E4 /* ImagePicker.swift in Sources */ = {isa = PBXBuildFile; fileRef = F6516BC02383807D0035E8E4 /* ImagePicker.swift */; };
		F6516BC32385FBEE0035E8E4 /* KeyboardModel.swift in Sources */ = {isa = PBXBuildFile; fileRef = F6516BC22385FBED0035E8E4 /* KeyboardModel.swift */; };
		F6516BC5238635750035E8E4 /* EditSymtompDetail.swift in Sources */ = {isa = PBXBuildFile; fileRef = F6516BC4238635750035E8E4 /* EditSymtompDetail.swift */; };
		F6516BC82386B5C00035E8E4 /* FormObat.swift in Sources */ = {isa = PBXBuildFile; fileRef = F6516BC72386B5C00035E8E4 /* FormObat.swift */; };
		F6516BCA2386B6300035E8E4 /* SymtompsDetail2.swift in Sources */ = {isa = PBXBuildFile; fileRef = F6516BC92386B6300035E8E4 /* SymtompsDetail2.swift */; };
		F6516BD0239611100035E8E4 /* TextFieldAlert.swift in Sources */ = {isa = PBXBuildFile; fileRef = F6516BCF239611100035E8E4 /* TextFieldAlert.swift */; };
		F6516BD223961F980035E8E4 /* ProfileEdit.swift in Sources */ = {isa = PBXBuildFile; fileRef = F6516BD123961F980035E8E4 /* ProfileEdit.swift */; };
		F66D1C5B23791A1600E864C5 /* CalendarView.swift in Sources */ = {isa = PBXBuildFile; fileRef = F66D1C5A23791A1600E864C5 /* CalendarView.swift */; };
		F66D1C5E2379527D00E864C5 /* dateModel.swift in Sources */ = {isa = PBXBuildFile; fileRef = F66D1C5D2379527D00E864C5 /* dateModel.swift */; };
		F66D1C7C237A5B6A00E864C5 /* ProfileList.swift in Sources */ = {isa = PBXBuildFile; fileRef = F66D1C76237A5B6A00E864C5 /* ProfileList.swift */; };
		F66D1C7D237A5B6A00E864C5 /* ProfilePage.swift in Sources */ = {isa = PBXBuildFile; fileRef = F66D1C77237A5B6A00E864C5 /* ProfilePage.swift */; };
		F66D1C7E237A5B6A00E864C5 /* ProfileCard.swift in Sources */ = {isa = PBXBuildFile; fileRef = F66D1C78237A5B6A00E864C5 /* ProfileCard.swift */; };
		F66D1C7F237A5B6A00E864C5 /* ProfileBio.swift in Sources */ = {isa = PBXBuildFile; fileRef = F66D1C79237A5B6A00E864C5 /* ProfileBio.swift */; };
		F66D1C80237A5B6A00E864C5 /* ProfileCancerDetailView.swift in Sources */ = {isa = PBXBuildFile; fileRef = F66D1C7A237A5B6A00E864C5 /* ProfileCancerDetailView.swift */; };
		F66D1C81237A5B6A00E864C5 /* ProfileConditionDetail.swift in Sources */ = {isa = PBXBuildFile; fileRef = F66D1C7B237A5B6A00E864C5 /* ProfileConditionDetail.swift */; };
		F66D1C8A237A925400E864C5 /* SummaryView.swift in Sources */ = {isa = PBXBuildFile; fileRef = F66D1C89237A925400E864C5 /* SummaryView.swift */; };
		F66D1C8F237ABE6500E864C5 /* customLineView.swift in Sources */ = {isa = PBXBuildFile; fileRef = F66D1C8E237ABE6500E864C5 /* customLineView.swift */; };
		F66D1C91237ABEB100E864C5 /* Helpers.swift in Sources */ = {isa = PBXBuildFile; fileRef = F66D1C90237ABEB100E864C5 /* Helpers.swift */; };
		F66D1C93237ABED400E864C5 /* CustomLegends.swift in Sources */ = {isa = PBXBuildFile; fileRef = F66D1C92237ABED400E864C5 /* CustomLegends.swift */; };
		F66D1C95237ABF1500E864C5 /* Line.swift in Sources */ = {isa = PBXBuildFile; fileRef = F66D1C94237ABF1500E864C5 /* Line.swift */; };
		F66D1CA3237BDEEF00E864C5 /* UserModel.swift in Sources */ = {isa = PBXBuildFile; fileRef = F66D1CA2237BDEEF00E864C5 /* UserModel.swift */; };
		F66D1CAA237BE33100E864C5 /* SymptompsPage.swift in Sources */ = {isa = PBXBuildFile; fileRef = F66D1CA6237BE33100E864C5 /* SymptompsPage.swift */; };
		F66D1CAB237BE33100E864C5 /* SymptompsAdd.swift in Sources */ = {isa = PBXBuildFile; fileRef = F66D1CA7237BE33100E864C5 /* SymptompsAdd.swift */; };
		F66D1CAC237BE33100E864C5 /* TambahCatatanView.swift in Sources */ = {isa = PBXBuildFile; fileRef = F66D1CA8237BE33100E864C5 /* TambahCatatanView.swift */; };
		F66D1CAD237BE33100E864C5 /* TambahCatatanPengobatan.swift in Sources */ = {isa = PBXBuildFile; fileRef = F66D1CA9237BE33100E864C5 /* TambahCatatanPengobatan.swift */; };
		F66D1CB2237BE36000E864C5 /* mFormSet.swift in Sources */ = {isa = PBXBuildFile; fileRef = F66D1CAF237BE36000E864C5 /* mFormSet.swift */; };
		F66D1CB3237BE36000E864C5 /* mPicker.swift in Sources */ = {isa = PBXBuildFile; fileRef = F66D1CB0237BE36000E864C5 /* mPicker.swift */; };
		F66D1CB4237BE36000E864C5 /* mButton.swift in Sources */ = {isa = PBXBuildFile; fileRef = F66D1CB1237BE36000E864C5 /* mButton.swift */; };
		F66D1CB6237C5BD100E864C5 /* SymptompsModel.swift in Sources */ = {isa = PBXBuildFile; fileRef = F66D1CB5237C5BD100E864C5 /* SymptompsModel.swift */; };
		F66D1CB8237CC8E700E864C5 /* addSymtompsDetail.swift in Sources */ = {isa = PBXBuildFile; fileRef = F66D1CB7237CC8E700E864C5 /* addSymtompsDetail.swift */; };
		F66D1CBA237CEB7800E864C5 /* RecordModel.swift in Sources */ = {isa = PBXBuildFile; fileRef = F66D1CB9237CEB7800E864C5 /* RecordModel.swift */; };
		F66D1CBC237D4AE800E864C5 /* Static.swift in Sources */ = {isa = PBXBuildFile; fileRef = F66D1CBB237D4AE800E864C5 /* Static.swift */; };
		F66D1CBF237D4D8B00E864C5 /* CardKondisi.swift in Sources */ = {isa = PBXBuildFile; fileRef = F66D1CBD237D4D8A00E864C5 /* CardKondisi.swift */; };
		F66D1CC0237D4D8B00E864C5 /* SymptompsView.swift in Sources */ = {isa = PBXBuildFile; fileRef = F66D1CBE237D4D8B00E864C5 /* SymptompsView.swift */; };
		F677AFDA2354157A000B39E4 /* AppDelegate.swift in Sources */ = {isa = PBXBuildFile; fileRef = F677AFD92354157A000B39E4 /* AppDelegate.swift */; };
		F677AFDC2354157A000B39E4 /* SceneDelegate.swift in Sources */ = {isa = PBXBuildFile; fileRef = F677AFDB2354157A000B39E4 /* SceneDelegate.swift */; };
		F677AFDF2354157A000B39E4 /* KindCer.xcdatamodeld in Sources */ = {isa = PBXBuildFile; fileRef = F677AFDD2354157A000B39E4 /* KindCer.xcdatamodeld */; };
		F677AFE12354157A000B39E4 /* ContentView.swift in Sources */ = {isa = PBXBuildFile; fileRef = F677AFE02354157A000B39E4 /* ContentView.swift */; };
		F677AFE32354157D000B39E4 /* Assets.xcassets in Resources */ = {isa = PBXBuildFile; fileRef = F677AFE22354157D000B39E4 /* Assets.xcassets */; };
		F677AFE62354157D000B39E4 /* Preview Assets.xcassets in Resources */ = {isa = PBXBuildFile; fileRef = F677AFE52354157D000B39E4 /* Preview Assets.xcassets */; };
		F677AFE92354157D000B39E4 /* LaunchScreen.storyboard in Resources */ = {isa = PBXBuildFile; fileRef = F677AFE72354157D000B39E4 /* LaunchScreen.storyboard */; };
		F677AFF42354157D000B39E4 /* KindCerTests.swift in Sources */ = {isa = PBXBuildFile; fileRef = F677AFF32354157D000B39E4 /* KindCerTests.swift */; };
		F677AFFF2354157D000B39E4 /* KindCerUITests.swift in Sources */ = {isa = PBXBuildFile; fileRef = F677AFFE2354157D000B39E4 /* KindCerUITests.swift */; };
		F6D9791E235EAD6F00DC6673 /* HomeView.swift in Sources */ = {isa = PBXBuildFile; fileRef = F6D9791D235EAD6F00DC6673 /* HomeView.swift */; };
		F6D97920235EB03D00DC6673 /* homeTitle.swift in Sources */ = {isa = PBXBuildFile; fileRef = F6D9791F235EB03D00DC6673 /* homeTitle.swift */; };
		F6D97924235F355D00DC6673 /* recordCard.swift in Sources */ = {isa = PBXBuildFile; fileRef = F6D97923235F355D00DC6673 /* recordCard.swift */; };
		F6D97926235FDE3B00DC6673 /* record_empty_view.swift in Sources */ = {isa = PBXBuildFile; fileRef = F6D97925235FDE3B00DC6673 /* record_empty_view.swift */; };
		F6DF7BD52436385800B3CC4A /* Logo.png in Resources */ = {isa = PBXBuildFile; fileRef = F6DF7BD42436385800B3CC4A /* Logo.png */; };
		F6F1132D23BD7336000A1958 /* ObatIsEmpty.swift in Sources */ = {isa = PBXBuildFile; fileRef = F6F1132C23BD7336000A1958 /* ObatIsEmpty.swift */; };
		F6F1132F23BD743F000A1958 /* ObatAddNew.swift in Sources */ = {isa = PBXBuildFile; fileRef = F6F1132E23BD743F000A1958 /* ObatAddNew.swift */; };
		F6F12EBE243DDB9E00C468A9 /* CovidHomeView.swift in Sources */ = {isa = PBXBuildFile; fileRef = F6F12EBD243DDB9E00C468A9 /* CovidHomeView.swift */; };
		F6F12EC0243DDDF300C468A9 /* CovidView.swift in Sources */ = {isa = PBXBuildFile; fileRef = F6F12EBF243DDDF300C468A9 /* CovidView.swift */; };
		F6F12EC2243DDEF400C468A9 /* SpinnerView.swift in Sources */ = {isa = PBXBuildFile; fileRef = F6F12EC1243DDEF400C468A9 /* SpinnerView.swift */; };
		F6F12EC4243DE17900C468A9 /* LineView.swift in Sources */ = {isa = PBXBuildFile; fileRef = F6F12EC3243DE17900C468A9 /* LineView.swift */; };
		F6F12EC6243EAECD00C468A9 /* CovidModel.swift in Sources */ = {isa = PBXBuildFile; fileRef = F6F12EC5243EAECD00C468A9 /* CovidModel.swift */; };
		F6F12EC8243ECFA200C468A9 /* CovidSymptompsView.swift in Sources */ = {isa = PBXBuildFile; fileRef = F6F12EC7243ECFA100C468A9 /* CovidSymptompsView.swift */; };
		F6FEA2DB23B9B0E20014FAA0 /* ObatModel.swift in Sources */ = {isa = PBXBuildFile; fileRef = F6FEA2DA23B9B0E20014FAA0 /* ObatModel.swift */; };
/* End PBXBuildFile section */

/* Begin PBXContainerItemProxy section */
		F677AFF02354157D000B39E4 /* PBXContainerItemProxy */ = {
			isa = PBXContainerItemProxy;
			containerPortal = F677AFCE2354157A000B39E4 /* Project object */;
			proxyType = 1;
			remoteGlobalIDString = F677AFD52354157A000B39E4;
			remoteInfo = KindCer;
		};
		F677AFFB2354157D000B39E4 /* PBXContainerItemProxy */ = {
			isa = PBXContainerItemProxy;
			containerPortal = F677AFCE2354157A000B39E4 /* Project object */;
			proxyType = 1;
			remoteGlobalIDString = F677AFD52354157A000B39E4;
			remoteInfo = KindCer;
		};
/* End PBXContainerItemProxy section */

/* Begin PBXFileReference section */
		8B48E4B72383B4E000014BBB /* headerModal.swift */ = {isa = PBXFileReference; lastKnownFileType = sourcecode.swift; path = headerModal.swift; sourceTree = "<group>"; };
		8B63EA06239A269000605140 /* ScheduleDetail.swift */ = {isa = PBXFileReference; fileEncoding = 4; lastKnownFileType = sourcecode.swift; path = ScheduleDetail.swift; sourceTree = "<group>"; };
		8B7DCB932384EC8D00C733C5 /* SchedulePageEdit.swift */ = {isa = PBXFileReference; lastKnownFileType = sourcecode.swift; path = SchedulePageEdit.swift; sourceTree = "<group>"; };
		8BEE759E237E78D800B415A7 /* JadwalModel.swift */ = {isa = PBXFileReference; lastKnownFileType = sourcecode.swift; path = JadwalModel.swift; sourceTree = "<group>"; };
		F60508CA239DD55B0013156F /* ProfileEditCType.swift */ = {isa = PBXFileReference; lastKnownFileType = sourcecode.swift; path = ProfileEditCType.swift; sourceTree = "<group>"; };
		F60508CC239DF71E0013156F /* ScheduleEmpty.swift */ = {isa = PBXFileReference; fileEncoding = 4; lastKnownFileType = sourcecode.swift; path = ScheduleEmpty.swift; sourceTree = "<group>"; };
		F60508CD239DF71E0013156F /* ScheduleMainView.swift */ = {isa = PBXFileReference; fileEncoding = 4; lastKnownFileType = sourcecode.swift; path = ScheduleMainView.swift; sourceTree = "<group>"; };
		F60508CE239DF71E0013156F /* CatatanJadwal.swift */ = {isa = PBXFileReference; fileEncoding = 4; lastKnownFileType = sourcecode.swift; path = CatatanJadwal.swift; sourceTree = "<group>"; };
		F60508CF239DF71E0013156F /* CardRiwayatEmpty.swift */ = {isa = PBXFileReference; fileEncoding = 4; lastKnownFileType = sourcecode.swift; path = CardRiwayatEmpty.swift; sourceTree = "<group>"; };
		F60508D2239DF71F0013156F /* CardRiwayat.swift */ = {isa = PBXFileReference; fileEncoding = 4; lastKnownFileType = sourcecode.swift; path = CardRiwayat.swift; sourceTree = "<group>"; };
		F606DA9B23C060B6000988ED /* TimePicker.swift */ = {isa = PBXFileReference; lastKnownFileType = sourcecode.swift; path = TimePicker.swift; sourceTree = "<group>"; };
		F606DA9D23C07A1E000988ED /* ObatCard.swift */ = {isa = PBXFileReference; lastKnownFileType = sourcecode.swift; path = ObatCard.swift; sourceTree = "<group>"; };
		F606DA9F23C2B98F000988ED /* ObatDetail.swift */ = {isa = PBXFileReference; lastKnownFileType = sourcecode.swift; path = ObatDetail.swift; sourceTree = "<group>"; };
		F626A0CC2399FAA50045EC6D /* CancerTypeModel.swift */ = {isa = PBXFileReference; lastKnownFileType = sourcecode.swift; path = CancerTypeModel.swift; sourceTree = "<group>"; };
		F626A0CE239A03140045EC6D /* ProfileAddCType.swift */ = {isa = PBXFileReference; lastKnownFileType = sourcecode.swift; path = ProfileAddCType.swift; sourceTree = "<group>"; };
		F626A0D1239B63330045EC6D /* Webview.swift */ = {isa = PBXFileReference; lastKnownFileType = sourcecode.swift; path = Webview.swift; sourceTree = "<group>"; };
		F626A0FF239B63A90045EC6D /* single_item.html */ = {isa = PBXFileReference; fileEncoding = 4; lastKnownFileType = text.html; path = single_item.html; sourceTree = "<group>"; };
		F626A100239B63AA0045EC6D /* invoice.html */ = {isa = PBXFileReference; fileEncoding = 4; lastKnownFileType = text.html; path = invoice.html; sourceTree = "<group>"; };
		F626A101239B63AA0045EC6D /* last_item.html */ = {isa = PBXFileReference; fileEncoding = 4; lastKnownFileType = text.html; path = last_item.html; sourceTree = "<group>"; };
		F626A105239B63D60045EC6D /* My CV.pdf */ = {isa = PBXFileReference; lastKnownFileType = image.pdf; path = "My CV.pdf"; sourceTree = "<group>"; };
		F626A108239B65F20045EC6D /* PDFView.swift */ = {isa = PBXFileReference; lastKnownFileType = sourcecode.swift; path = PDFView.swift; sourceTree = "<group>"; };
		F626A10C239B7AB90045EC6D /* EmailView.swift */ = {isa = PBXFileReference; lastKnownFileType = sourcecode.swift; path = EmailView.swift; sourceTree = "<group>"; };
		F62C5CA323B44A7D00468D45 /* RiwayatPage.swift */ = {isa = PBXFileReference; lastKnownFileType = sourcecode.swift; path = RiwayatPage.swift; sourceTree = "<group>"; };
		F62C5CA523B46E9C00468D45 /* TreatmentPage.swift */ = {isa = PBXFileReference; lastKnownFileType = sourcecode.swift; path = TreatmentPage.swift; sourceTree = "<group>"; };
		F62C5CA723B46F2600468D45 /* ObatPage.swift */ = {isa = PBXFileReference; lastKnownFileType = sourcecode.swift; path = ObatPage.swift; sourceTree = "<group>"; };
		F62C5CA923B4737C00468D45 /* TreatmentIsEmpty.swift */ = {isa = PBXFileReference; lastKnownFileType = sourcecode.swift; path = TreatmentIsEmpty.swift; sourceTree = "<group>"; };
		F62C5CAB23B473FB00468D45 /* TreatmentCard.swift */ = {isa = PBXFileReference; lastKnownFileType = sourcecode.swift; path = TreatmentCard.swift; sourceTree = "<group>"; };
		F62C5CAD23B475DE00468D45 /* ProgressCircle.swift */ = {isa = PBXFileReference; lastKnownFileType = sourcecode.swift; path = ProgressCircle.swift; sourceTree = "<group>"; };
		F63D830C24363AC9006E8D0E /* en */ = {isa = PBXFileReference; lastKnownFileType = text.plist.strings; name = en; path = en.lproj/Localizable.strings; sourceTree = "<group>"; };
		F63D830E24363AF0006E8D0E /* id */ = {isa = PBXFileReference; lastKnownFileType = text.plist.strings; name = id; path = id.lproj/Localizable.strings; sourceTree = "<group>"; };
		F6516B61237E73100035E8E4 /* SchedulePage.swift */ = {isa = PBXFileReference; lastKnownFileType = sourcecode.swift; path = SchedulePage.swift; sourceTree = "<group>"; };
		F6516BB223822F110035E8E4 /* BoardingView.swift */ = {isa = PBXFileReference; fileEncoding = 4; lastKnownFileType = sourcecode.swift; path = BoardingView.swift; sourceTree = "<group>"; };
		F6516BB323822F110035E8E4 /* PageController.swift */ = {isa = PBXFileReference; fileEncoding = 4; lastKnownFileType = sourcecode.swift; path = PageController.swift; sourceTree = "<group>"; };
		F6516BB423822F110035E8E4 /* OnboardingCardView.swift */ = {isa = PBXFileReference; fileEncoding = 4; lastKnownFileType = sourcecode.swift; path = OnboardingCardView.swift; sourceTree = "<group>"; };
		F6516BB523822F120035E8E4 /* PageView.swift */ = {isa = PBXFileReference; fileEncoding = 4; lastKnownFileType = sourcecode.swift; path = PageView.swift; sourceTree = "<group>"; };
		F6516BB623822F120035E8E4 /* PageViewController.swift */ = {isa = PBXFileReference; fileEncoding = 4; lastKnownFileType = sourcecode.swift; path = PageViewController.swift; sourceTree = "<group>"; };
		F6516BB723822F120035E8E4 /* OnboardingCard.swift */ = {isa = PBXFileReference; fileEncoding = 4; lastKnownFileType = sourcecode.swift; path = OnboardingCard.swift; sourceTree = "<group>"; };
		F6516BBE23824F180035E8E4 /* SummaryEmpty.swift */ = {isa = PBXFileReference; lastKnownFileType = sourcecode.swift; path = SummaryEmpty.swift; sourceTree = "<group>"; };
		F6516BC02383807D0035E8E4 /* ImagePicker.swift */ = {isa = PBXFileReference; lastKnownFileType = sourcecode.swift; path = ImagePicker.swift; sourceTree = "<group>"; };
		F6516BC22385FBED0035E8E4 /* KeyboardModel.swift */ = {isa = PBXFileReference; lastKnownFileType = sourcecode.swift; path = KeyboardModel.swift; sourceTree = "<group>"; };
		F6516BC4238635750035E8E4 /* EditSymtompDetail.swift */ = {isa = PBXFileReference; lastKnownFileType = sourcecode.swift; path = EditSymtompDetail.swift; sourceTree = "<group>"; };
		F6516BC72386B5C00035E8E4 /* FormObat.swift */ = {isa = PBXFileReference; lastKnownFileType = sourcecode.swift; path = FormObat.swift; sourceTree = "<group>"; };
		F6516BC92386B6300035E8E4 /* SymtompsDetail2.swift */ = {isa = PBXFileReference; lastKnownFileType = sourcecode.swift; path = SymtompsDetail2.swift; sourceTree = "<group>"; };
		F6516BCF239611100035E8E4 /* TextFieldAlert.swift */ = {isa = PBXFileReference; lastKnownFileType = sourcecode.swift; path = TextFieldAlert.swift; sourceTree = "<group>"; };
		F6516BD123961F980035E8E4 /* ProfileEdit.swift */ = {isa = PBXFileReference; lastKnownFileType = sourcecode.swift; path = ProfileEdit.swift; sourceTree = "<group>"; };
		F659C7D223FD2B8400F1FCFA /* Relia.entitlements */ = {isa = PBXFileReference; lastKnownFileType = text.plist.entitlements; path = Relia.entitlements; sourceTree = "<group>"; };
		F66D1C5A23791A1600E864C5 /* CalendarView.swift */ = {isa = PBXFileReference; lastKnownFileType = sourcecode.swift; path = CalendarView.swift; sourceTree = "<group>"; };
		F66D1C5D2379527D00E864C5 /* dateModel.swift */ = {isa = PBXFileReference; lastKnownFileType = sourcecode.swift; path = dateModel.swift; sourceTree = "<group>"; };
		F66D1C76237A5B6A00E864C5 /* ProfileList.swift */ = {isa = PBXFileReference; fileEncoding = 4; lastKnownFileType = sourcecode.swift; path = ProfileList.swift; sourceTree = "<group>"; };
		F66D1C77237A5B6A00E864C5 /* ProfilePage.swift */ = {isa = PBXFileReference; fileEncoding = 4; lastKnownFileType = sourcecode.swift; path = ProfilePage.swift; sourceTree = "<group>"; };
		F66D1C78237A5B6A00E864C5 /* ProfileCard.swift */ = {isa = PBXFileReference; fileEncoding = 4; lastKnownFileType = sourcecode.swift; path = ProfileCard.swift; sourceTree = "<group>"; };
		F66D1C79237A5B6A00E864C5 /* ProfileBio.swift */ = {isa = PBXFileReference; fileEncoding = 4; lastKnownFileType = sourcecode.swift; path = ProfileBio.swift; sourceTree = "<group>"; };
		F66D1C7A237A5B6A00E864C5 /* ProfileCancerDetailView.swift */ = {isa = PBXFileReference; fileEncoding = 4; lastKnownFileType = sourcecode.swift; path = ProfileCancerDetailView.swift; sourceTree = "<group>"; };
		F66D1C7B237A5B6A00E864C5 /* ProfileConditionDetail.swift */ = {isa = PBXFileReference; fileEncoding = 4; lastKnownFileType = sourcecode.swift; path = ProfileConditionDetail.swift; sourceTree = "<group>"; };
		F66D1C89237A925400E864C5 /* SummaryView.swift */ = {isa = PBXFileReference; lastKnownFileType = sourcecode.swift; path = SummaryView.swift; sourceTree = "<group>"; };
		F66D1C8E237ABE6500E864C5 /* customLineView.swift */ = {isa = PBXFileReference; lastKnownFileType = sourcecode.swift; path = customLineView.swift; sourceTree = "<group>"; };
		F66D1C90237ABEB100E864C5 /* Helpers.swift */ = {isa = PBXFileReference; lastKnownFileType = sourcecode.swift; path = Helpers.swift; sourceTree = "<group>"; };
		F66D1C92237ABED400E864C5 /* CustomLegends.swift */ = {isa = PBXFileReference; lastKnownFileType = sourcecode.swift; path = CustomLegends.swift; sourceTree = "<group>"; };
		F66D1C94237ABF1500E864C5 /* Line.swift */ = {isa = PBXFileReference; lastKnownFileType = sourcecode.swift; path = Line.swift; sourceTree = "<group>"; };
		F66D1CA2237BDEEF00E864C5 /* UserModel.swift */ = {isa = PBXFileReference; lastKnownFileType = sourcecode.swift; path = UserModel.swift; sourceTree = "<group>"; };
		F66D1CA6237BE33100E864C5 /* SymptompsPage.swift */ = {isa = PBXFileReference; fileEncoding = 4; lastKnownFileType = sourcecode.swift; path = SymptompsPage.swift; sourceTree = "<group>"; };
		F66D1CA7237BE33100E864C5 /* SymptompsAdd.swift */ = {isa = PBXFileReference; fileEncoding = 4; lastKnownFileType = sourcecode.swift; path = SymptompsAdd.swift; sourceTree = "<group>"; };
		F66D1CA8237BE33100E864C5 /* TambahCatatanView.swift */ = {isa = PBXFileReference; fileEncoding = 4; lastKnownFileType = sourcecode.swift; path = TambahCatatanView.swift; sourceTree = "<group>"; };
		F66D1CA9237BE33100E864C5 /* TambahCatatanPengobatan.swift */ = {isa = PBXFileReference; fileEncoding = 4; lastKnownFileType = sourcecode.swift; path = TambahCatatanPengobatan.swift; sourceTree = "<group>"; };
		F66D1CAF237BE36000E864C5 /* mFormSet.swift */ = {isa = PBXFileReference; fileEncoding = 4; lastKnownFileType = sourcecode.swift; path = mFormSet.swift; sourceTree = "<group>"; };
		F66D1CB0237BE36000E864C5 /* mPicker.swift */ = {isa = PBXFileReference; fileEncoding = 4; lastKnownFileType = sourcecode.swift; path = mPicker.swift; sourceTree = "<group>"; };
		F66D1CB1237BE36000E864C5 /* mButton.swift */ = {isa = PBXFileReference; fileEncoding = 4; lastKnownFileType = sourcecode.swift; path = mButton.swift; sourceTree = "<group>"; };
		F66D1CB5237C5BD100E864C5 /* SymptompsModel.swift */ = {isa = PBXFileReference; lastKnownFileType = sourcecode.swift; path = SymptompsModel.swift; sourceTree = "<group>"; };
		F66D1CB7237CC8E700E864C5 /* addSymtompsDetail.swift */ = {isa = PBXFileReference; lastKnownFileType = sourcecode.swift; path = addSymtompsDetail.swift; sourceTree = "<group>"; };
		F66D1CB9237CEB7800E864C5 /* RecordModel.swift */ = {isa = PBXFileReference; lastKnownFileType = sourcecode.swift; path = RecordModel.swift; sourceTree = "<group>"; };
		F66D1CBB237D4AE800E864C5 /* Static.swift */ = {isa = PBXFileReference; lastKnownFileType = sourcecode.swift; path = Static.swift; sourceTree = "<group>"; };
		F66D1CBD237D4D8A00E864C5 /* CardKondisi.swift */ = {isa = PBXFileReference; fileEncoding = 4; lastKnownFileType = sourcecode.swift; path = CardKondisi.swift; sourceTree = "<group>"; };
		F66D1CBE237D4D8B00E864C5 /* SymptompsView.swift */ = {isa = PBXFileReference; fileEncoding = 4; lastKnownFileType = sourcecode.swift; path = SymptompsView.swift; sourceTree = "<group>"; };
		F677AFD62354157A000B39E4 /* Relia.app */ = {isa = PBXFileReference; explicitFileType = wrapper.application; includeInIndex = 0; path = Relia.app; sourceTree = BUILT_PRODUCTS_DIR; };
		F677AFD92354157A000B39E4 /* AppDelegate.swift */ = {isa = PBXFileReference; lastKnownFileType = sourcecode.swift; path = AppDelegate.swift; sourceTree = "<group>"; };
		F677AFDB2354157A000B39E4 /* SceneDelegate.swift */ = {isa = PBXFileReference; lastKnownFileType = sourcecode.swift; path = SceneDelegate.swift; sourceTree = "<group>"; };
		F677AFDE2354157A000B39E4 /* KindCer.xcdatamodel */ = {isa = PBXFileReference; lastKnownFileType = wrapper.xcdatamodel; path = KindCer.xcdatamodel; sourceTree = "<group>"; };
		F677AFE02354157A000B39E4 /* ContentView.swift */ = {isa = PBXFileReference; lastKnownFileType = sourcecode.swift; path = ContentView.swift; sourceTree = "<group>"; };
		F677AFE22354157D000B39E4 /* Assets.xcassets */ = {isa = PBXFileReference; lastKnownFileType = folder.assetcatalog; path = Assets.xcassets; sourceTree = "<group>"; };
		F677AFE52354157D000B39E4 /* Preview Assets.xcassets */ = {isa = PBXFileReference; lastKnownFileType = folder.assetcatalog; path = "Preview Assets.xcassets"; sourceTree = "<group>"; };
		F677AFE82354157D000B39E4 /* Base */ = {isa = PBXFileReference; lastKnownFileType = file.storyboard; name = Base; path = Base.lproj/LaunchScreen.storyboard; sourceTree = "<group>"; };
		F677AFEA2354157D000B39E4 /* Info.plist */ = {isa = PBXFileReference; lastKnownFileType = text.plist.xml; path = Info.plist; sourceTree = "<group>"; };
		F677AFEF2354157D000B39E4 /* KindCerTests.xctest */ = {isa = PBXFileReference; explicitFileType = wrapper.cfbundle; includeInIndex = 0; path = KindCerTests.xctest; sourceTree = BUILT_PRODUCTS_DIR; };
		F677AFF32354157D000B39E4 /* KindCerTests.swift */ = {isa = PBXFileReference; lastKnownFileType = sourcecode.swift; path = KindCerTests.swift; sourceTree = "<group>"; };
		F677AFF52354157D000B39E4 /* Info.plist */ = {isa = PBXFileReference; lastKnownFileType = text.plist.xml; path = Info.plist; sourceTree = "<group>"; };
		F677AFFA2354157D000B39E4 /* KindCerUITests.xctest */ = {isa = PBXFileReference; explicitFileType = wrapper.cfbundle; includeInIndex = 0; path = KindCerUITests.xctest; sourceTree = BUILT_PRODUCTS_DIR; };
		F677AFFE2354157D000B39E4 /* KindCerUITests.swift */ = {isa = PBXFileReference; lastKnownFileType = sourcecode.swift; path = KindCerUITests.swift; sourceTree = "<group>"; };
		F677B0002354157D000B39E4 /* Info.plist */ = {isa = PBXFileReference; lastKnownFileType = text.plist.xml; path = Info.plist; sourceTree = "<group>"; };
		F6D9791D235EAD6F00DC6673 /* HomeView.swift */ = {isa = PBXFileReference; lastKnownFileType = sourcecode.swift; path = HomeView.swift; sourceTree = "<group>"; };
		F6D9791F235EB03D00DC6673 /* homeTitle.swift */ = {isa = PBXFileReference; lastKnownFileType = sourcecode.swift; path = homeTitle.swift; sourceTree = "<group>"; };
		F6D97923235F355D00DC6673 /* recordCard.swift */ = {isa = PBXFileReference; lastKnownFileType = sourcecode.swift; path = recordCard.swift; sourceTree = "<group>"; };
		F6D97925235FDE3B00DC6673 /* record_empty_view.swift */ = {isa = PBXFileReference; lastKnownFileType = sourcecode.swift; path = record_empty_view.swift; sourceTree = "<group>"; };
		F6DF7BD42436385800B3CC4A /* Logo.png */ = {isa = PBXFileReference; lastKnownFileType = image.png; path = Logo.png; sourceTree = "<group>"; };
		F6F1132C23BD7336000A1958 /* ObatIsEmpty.swift */ = {isa = PBXFileReference; lastKnownFileType = sourcecode.swift; path = ObatIsEmpty.swift; sourceTree = "<group>"; };
		F6F1132E23BD743F000A1958 /* ObatAddNew.swift */ = {isa = PBXFileReference; lastKnownFileType = sourcecode.swift; path = ObatAddNew.swift; sourceTree = "<group>"; };
		F6F12EBD243DDB9E00C468A9 /* CovidHomeView.swift */ = {isa = PBXFileReference; lastKnownFileType = sourcecode.swift; path = CovidHomeView.swift; sourceTree = "<group>"; };
		F6F12EBF243DDDF300C468A9 /* CovidView.swift */ = {isa = PBXFileReference; lastKnownFileType = sourcecode.swift; path = CovidView.swift; sourceTree = "<group>"; };
		F6F12EC1243DDEF400C468A9 /* SpinnerView.swift */ = {isa = PBXFileReference; lastKnownFileType = sourcecode.swift; path = SpinnerView.swift; sourceTree = "<group>"; };
		F6F12EC3243DE17900C468A9 /* LineView.swift */ = {isa = PBXFileReference; lastKnownFileType = sourcecode.swift; path = LineView.swift; sourceTree = "<group>"; };
		F6F12EC5243EAECD00C468A9 /* CovidModel.swift */ = {isa = PBXFileReference; lastKnownFileType = sourcecode.swift; path = CovidModel.swift; sourceTree = "<group>"; };
		F6F12EC7243ECFA100C468A9 /* CovidSymptompsView.swift */ = {isa = PBXFileReference; lastKnownFileType = sourcecode.swift; path = CovidSymptompsView.swift; sourceTree = "<group>"; };
		F6FEA2DA23B9B0E20014FAA0 /* ObatModel.swift */ = {isa = PBXFileReference; lastKnownFileType = sourcecode.swift; path = ObatModel.swift; sourceTree = "<group>"; };
/* End PBXFileReference section */

/* Begin PBXFrameworksBuildPhase section */
		F677AFD32354157A000B39E4 /* Frameworks */ = {
			isa = PBXFrameworksBuildPhase;
			buildActionMask = 2147483647;
			files = (
			);
			runOnlyForDeploymentPostprocessing = 0;
		};
		F677AFEC2354157D000B39E4 /* Frameworks */ = {
			isa = PBXFrameworksBuildPhase;
			buildActionMask = 2147483647;
			files = (
			);
			runOnlyForDeploymentPostprocessing = 0;
		};
		F677AFF72354157D000B39E4 /* Frameworks */ = {
			isa = PBXFrameworksBuildPhase;
			buildActionMask = 2147483647;
			files = (
			);
			runOnlyForDeploymentPostprocessing = 0;
		};
/* End PBXFrameworksBuildPhase section */

/* Begin PBXGroup section */
		F626A0D0239B631D0045EC6D /* WebView */ = {
			isa = PBXGroup;
			children = (
				F626A0D1239B63330045EC6D /* Webview.swift */,
				F626A10C239B7AB90045EC6D /* EmailView.swift */,
			);
			path = WebView;
			sourceTree = "<group>";
		};
		F626A107239B65D80045EC6D /* PDFView */ = {
			isa = PBXGroup;
			children = (
				F626A108239B65F20045EC6D /* PDFView.swift */,
			);
			path = PDFView;
			sourceTree = "<group>";
		};
		F62C5CA023B44A2600468D45 /* Riwayat */ = {
			isa = PBXGroup;
			children = (
				F62C5CA223B44A3800468D45 /* Treatment */,
				F62C5CA123B44A3100468D45 /* Obat */,
				F62C5CA323B44A7D00468D45 /* RiwayatPage.swift */,
			);
			path = Riwayat;
			sourceTree = "<group>";
		};
		F62C5CA123B44A3100468D45 /* Obat */ = {
			isa = PBXGroup;
			children = (
				F62C5CA723B46F2600468D45 /* ObatPage.swift */,
				F6F1132C23BD7336000A1958 /* ObatIsEmpty.swift */,
				F6F1132E23BD743F000A1958 /* ObatAddNew.swift */,
				F606DA9D23C07A1E000988ED /* ObatCard.swift */,
				F606DA9F23C2B98F000988ED /* ObatDetail.swift */,
			);
			path = Obat;
			sourceTree = "<group>";
		};
		F62C5CA223B44A3800468D45 /* Treatment */ = {
			isa = PBXGroup;
			children = (
				F62C5CA523B46E9C00468D45 /* TreatmentPage.swift */,
				F62C5CA923B4737C00468D45 /* TreatmentIsEmpty.swift */,
				F62C5CAB23B473FB00468D45 /* TreatmentCard.swift */,
			);
			path = Treatment;
			sourceTree = "<group>";
		};
		F6516B60237E72F00035E8E4 /* Schedule */ = {
			isa = PBXGroup;
			children = (
				F6516B61237E73100035E8E4 /* SchedulePage.swift */,
				8B7DCB932384EC8D00C733C5 /* SchedulePageEdit.swift */,
				F60508D2239DF71F0013156F /* CardRiwayat.swift */,
				F60508CF239DF71E0013156F /* CardRiwayatEmpty.swift */,
				F60508CE239DF71E0013156F /* CatatanJadwal.swift */,
				F60508CC239DF71E0013156F /* ScheduleEmpty.swift */,
				F60508CD239DF71E0013156F /* ScheduleMainView.swift */,
				8B63EA06239A269000605140 /* ScheduleDetail.swift */,
			);
			path = Schedule;
			sourceTree = "<group>";
		};
		F66D1C5C2379527000E864C5 /* Model */ = {
			isa = PBXGroup;
			children = (
				F66D1C5D2379527D00E864C5 /* dateModel.swift */,
				F66D1CA2237BDEEF00E864C5 /* UserModel.swift */,
				F66D1CB5237C5BD100E864C5 /* SymptompsModel.swift */,
				F66D1CB9237CEB7800E864C5 /* RecordModel.swift */,
				F66D1CBB237D4AE800E864C5 /* Static.swift */,
				8BEE759E237E78D800B415A7 /* JadwalModel.swift */,
				F6516BC22385FBED0035E8E4 /* KeyboardModel.swift */,
				F626A0CC2399FAA50045EC6D /* CancerTypeModel.swift */,
				F6FEA2DA23B9B0E20014FAA0 /* ObatModel.swift */,
				F6F12EC5243EAECD00C468A9 /* CovidModel.swift */,
			);
			path = Model;
			sourceTree = "<group>";
		};
		F66D1C75237A5B4B00E864C5 /* Profile */ = {
			isa = PBXGroup;
			children = (
				F66D1C79237A5B6A00E864C5 /* ProfileBio.swift */,
				F66D1C78237A5B6A00E864C5 /* ProfileCard.swift */,
				F66D1C7A237A5B6A00E864C5 /* ProfileCancerDetailView.swift */,
				F66D1C7B237A5B6A00E864C5 /* ProfileConditionDetail.swift */,
				F66D1C76237A5B6A00E864C5 /* ProfileList.swift */,
				F66D1C77237A5B6A00E864C5 /* ProfilePage.swift */,
				F6516BD123961F980035E8E4 /* ProfileEdit.swift */,
				F626A0CE239A03140045EC6D /* ProfileAddCType.swift */,
				F60508CA239DD55B0013156F /* ProfileEditCType.swift */,
			);
			path = Profile;
			sourceTree = "<group>";
		};
		F66D1C88237A924400E864C5 /* Syntesis */ = {
			isa = PBXGroup;
			children = (
				F66D1C89237A925400E864C5 /* SummaryView.swift */,
				F66D1C8E237ABE6500E864C5 /* customLineView.swift */,
				F66D1C90237ABEB100E864C5 /* Helpers.swift */,
				F66D1C92237ABED400E864C5 /* CustomLegends.swift */,
				F66D1C94237ABF1500E864C5 /* Line.swift */,
				F6516BBE23824F180035E8E4 /* SummaryEmpty.swift */,
			);
			path = Syntesis;
			sourceTree = "<group>";
		};
		F66D1CA5237BE32800E864C5 /* Symtomps */ = {
			isa = PBXGroup;
			children = (
				F66D1CBD237D4D8A00E864C5 /* CardKondisi.swift */,
				F66D1CBE237D4D8B00E864C5 /* SymptompsView.swift */,
				F66D1CA7237BE33100E864C5 /* SymptompsAdd.swift */,
				F66D1CA6237BE33100E864C5 /* SymptompsPage.swift */,
				F66D1CA9237BE33100E864C5 /* TambahCatatanPengobatan.swift */,
				F66D1CA8237BE33100E864C5 /* TambahCatatanView.swift */,
				F66D1CB7237CC8E700E864C5 /* addSymtompsDetail.swift */,
				F6516BC4238635750035E8E4 /* EditSymtompDetail.swift */,
				F6516BC72386B5C00035E8E4 /* FormObat.swift */,
				F6516BC92386B6300035E8E4 /* SymtompsDetail2.swift */,
			);
			path = Symtomps;
			sourceTree = "<group>";
		};
		F66D1CAE237BE34800E864C5 /* Additional */ = {
			isa = PBXGroup;
			children = (
				8B48E4B72383B4E000014BBB /* headerModal.swift */,
				F66D1CB1237BE36000E864C5 /* mButton.swift */,
				F66D1CAF237BE36000E864C5 /* mFormSet.swift */,
				F66D1CB0237BE36000E864C5 /* mPicker.swift */,
				F6516BC02383807D0035E8E4 /* ImagePicker.swift */,
				F62C5CAD23B475DE00468D45 /* ProgressCircle.swift */,
				F606DA9B23C060B6000988ED /* TimePicker.swift */,
				F6F12EC1243DDEF400C468A9 /* SpinnerView.swift */,
			);
			path = Additional;
			sourceTree = "<group>";
		};
		F677AFCD2354157A000B39E4 = {
			isa = PBXGroup;
			children = (
				F63D830B24363AC9006E8D0E /* Localizable.strings */,
				F677AFD82354157A000B39E4 /* KindCer */,
				F677AFF22354157D000B39E4 /* KindCerTests */,
				F677AFFD2354157D000B39E4 /* KindCerUITests */,
				F677AFD72354157A000B39E4 /* Products */,
				F6DF7BC82436357B00B3CC4A /* Recovered References */,
			);
			sourceTree = "<group>";
		};
		F677AFD72354157A000B39E4 /* Products */ = {
			isa = PBXGroup;
			children = (
				F677AFD62354157A000B39E4 /* Relia.app */,
				F677AFEF2354157D000B39E4 /* KindCerTests.xctest */,
				F677AFFA2354157D000B39E4 /* KindCerUITests.xctest */,
			);
			name = Products;
			sourceTree = "<group>";
		};
		F677AFD82354157A000B39E4 /* KindCer */ = {
			isa = PBXGroup;
			children = (
				F6DF7BD42436385800B3CC4A /* Logo.png */,
				F659C7D223FD2B8400F1FCFA /* Relia.entitlements */,
				F626A105239B63D60045EC6D /* My CV.pdf */,
				F626A100239B63AA0045EC6D /* invoice.html */,
				F626A101239B63AA0045EC6D /* last_item.html */,
				F626A0FF239B63A90045EC6D /* single_item.html */,
				F677AFD92354157A000B39E4 /* AppDelegate.swift */,
				F677AFDB2354157A000B39E4 /* SceneDelegate.swift */,
				F66D1C5C2379527000E864C5 /* Model */,
				F677B00C235416BC000B39E4 /* View */,
				F677AFE22354157D000B39E4 /* Assets.xcassets */,
				F677AFE72354157D000B39E4 /* LaunchScreen.storyboard */,
				F677AFEA2354157D000B39E4 /* Info.plist */,
				F677AFDD2354157A000B39E4 /* KindCer.xcdatamodeld */,
				F677AFE42354157D000B39E4 /* Preview Content */,
			);
			path = KindCer;
			sourceTree = "<group>";
		};
		F677AFE42354157D000B39E4 /* Preview Content */ = {
			isa = PBXGroup;
			children = (
				F677AFE52354157D000B39E4 /* Preview Assets.xcassets */,
			);
			path = "Preview Content";
			sourceTree = "<group>";
		};
		F677AFF22354157D000B39E4 /* KindCerTests */ = {
			isa = PBXGroup;
			children = (
				F677AFF32354157D000B39E4 /* KindCerTests.swift */,
				F677AFF52354157D000B39E4 /* Info.plist */,
			);
			path = KindCerTests;
			sourceTree = "<group>";
		};
		F677AFFD2354157D000B39E4 /* KindCerUITests */ = {
			isa = PBXGroup;
			children = (
				F677AFFE2354157D000B39E4 /* KindCerUITests.swift */,
				F677B0002354157D000B39E4 /* Info.plist */,
			);
			path = KindCerUITests;
			sourceTree = "<group>";
		};
		F677B00C235416BC000B39E4 /* View */ = {
			isa = PBXGroup;
			children = (
				F677AFE02354157A000B39E4 /* ContentView.swift */,
				F6F12EBC243DDB8300C468A9 /* Covid */,
				F6D9793623602ED100DC6673 /* Boarding */,
				F6D9793423601C5D00DC6673 /* Home */,
				F62C5CA023B44A2600468D45 /* Riwayat */,
				F626A107239B65D80045EC6D /* PDFView */,
				F626A0D0239B631D0045EC6D /* WebView */,
				F6516B60237E72F00035E8E4 /* Schedule */,
				F66D1C88237A924400E864C5 /* Syntesis */,
				F66D1C75237A5B4B00E864C5 /* Profile */,
				F66D1CA5237BE32800E864C5 /* Symtomps */,
				F66D1CAE237BE34800E864C5 /* Additional */,
				F6516BCF239611100035E8E4 /* TextFieldAlert.swift */,
			);
			path = View;
			sourceTree = "<group>";
		};
		F6D9793423601C5D00DC6673 /* Home */ = {
			isa = PBXGroup;
			children = (
				F6D9791D235EAD6F00DC6673 /* HomeView.swift */,
				F6D9791F235EB03D00DC6673 /* homeTitle.swift */,
				F6D97923235F355D00DC6673 /* recordCard.swift */,
				F6D97925235FDE3B00DC6673 /* record_empty_view.swift */,
				F66D1C5A23791A1600E864C5 /* CalendarView.swift */,
			);
			path = Home;
			sourceTree = "<group>";
		};
		F6D9793623602ED100DC6673 /* Boarding */ = {
			isa = PBXGroup;
			children = (
				F6516BB223822F110035E8E4 /* BoardingView.swift */,
				F6516BB723822F120035E8E4 /* OnboardingCard.swift */,
				F6516BB423822F110035E8E4 /* OnboardingCardView.swift */,
				F6516BB323822F110035E8E4 /* PageController.swift */,
				F6516BB523822F120035E8E4 /* PageView.swift */,
				F6516BB623822F120035E8E4 /* PageViewController.swift */,
			);
			path = Boarding;
			sourceTree = "<group>";
		};
		F6DF7BC82436357B00B3CC4A /* Recovered References */ = {
			isa = PBXGroup;
			children = (
			);
			name = "Recovered References";
			sourceTree = "<group>";
		};
		F6F12EBC243DDB8300C468A9 /* Covid */ = {
			isa = PBXGroup;
			children = (
				F6F12EBD243DDB9E00C468A9 /* CovidHomeView.swift */,
				F6F12EBF243DDDF300C468A9 /* CovidView.swift */,
				F6F12EC3243DE17900C468A9 /* LineView.swift */,
				F6F12EC7243ECFA100C468A9 /* CovidSymptompsView.swift */,
			);
			path = Covid;
			sourceTree = "<group>";
		};
/* End PBXGroup section */

/* Begin PBXNativeTarget section */
		F677AFD52354157A000B39E4 /* KindCer */ = {
			isa = PBXNativeTarget;
			buildConfigurationList = F677B0032354157D000B39E4 /* Build configuration list for PBXNativeTarget "KindCer" */;
			buildPhases = (
				F677AFD22354157A000B39E4 /* Sources */,
				F677AFD32354157A000B39E4 /* Frameworks */,
				F677AFD42354157A000B39E4 /* Resources */,
			);
			buildRules = (
			);
			dependencies = (
			);
			name = KindCer;
			packageProductDependencies = (
			);
			productName = KindCer;
			productReference = F677AFD62354157A000B39E4 /* Relia.app */;
			productType = "com.apple.product-type.application";
		};
		F677AFEE2354157D000B39E4 /* KindCerTests */ = {
			isa = PBXNativeTarget;
			buildConfigurationList = F677B0062354157D000B39E4 /* Build configuration list for PBXNativeTarget "KindCerTests" */;
			buildPhases = (
				F677AFEB2354157D000B39E4 /* Sources */,
				F677AFEC2354157D000B39E4 /* Frameworks */,
				F677AFED2354157D000B39E4 /* Resources */,
			);
			buildRules = (
			);
			dependencies = (
				F677AFF12354157D000B39E4 /* PBXTargetDependency */,
			);
			name = KindCerTests;
			productName = KindCerTests;
			productReference = F677AFEF2354157D000B39E4 /* KindCerTests.xctest */;
			productType = "com.apple.product-type.bundle.unit-test";
		};
		F677AFF92354157D000B39E4 /* KindCerUITests */ = {
			isa = PBXNativeTarget;
			buildConfigurationList = F677B0092354157D000B39E4 /* Build configuration list for PBXNativeTarget "KindCerUITests" */;
			buildPhases = (
				F677AFF62354157D000B39E4 /* Sources */,
				F677AFF72354157D000B39E4 /* Frameworks */,
				F677AFF82354157D000B39E4 /* Resources */,
			);
			buildRules = (
			);
			dependencies = (
				F677AFFC2354157D000B39E4 /* PBXTargetDependency */,
			);
			name = KindCerUITests;
			productName = KindCerUITests;
			productReference = F677AFFA2354157D000B39E4 /* KindCerUITests.xctest */;
			productType = "com.apple.product-type.bundle.ui-testing";
		};
/* End PBXNativeTarget section */

/* Begin PBXProject section */
		F677AFCE2354157A000B39E4 /* Project object */ = {
			isa = PBXProject;
			attributes = {
				LastSwiftUpdateCheck = 1110;
				LastUpgradeCheck = 1110;
				ORGANIZATIONNAME = "Muhammad Tafani Rabbani";
				TargetAttributes = {
					F677AFD52354157A000B39E4 = {
						CreatedOnToolsVersion = 11.1;
					};
					F677AFEE2354157D000B39E4 = {
						CreatedOnToolsVersion = 11.1;
						TestTargetID = F677AFD52354157A000B39E4;
					};
					F677AFF92354157D000B39E4 = {
						CreatedOnToolsVersion = 11.1;
						TestTargetID = F677AFD52354157A000B39E4;
					};
				};
			};
			buildConfigurationList = F677AFD12354157A000B39E4 /* Build configuration list for PBXProject "KindCer" */;
			compatibilityVersion = "Xcode 9.3";
			developmentRegion = en;
			hasScannedForEncodings = 0;
			knownRegions = (
				en,
				Base,
				id,
			);
			mainGroup = F677AFCD2354157A000B39E4;
			packageReferences = (
			);
			productRefGroup = F677AFD72354157A000B39E4 /* Products */;
			projectDirPath = "";
			projectRoot = "";
			targets = (
				F677AFD52354157A000B39E4 /* KindCer */,
				F677AFEE2354157D000B39E4 /* KindCerTests */,
				F677AFF92354157D000B39E4 /* KindCerUITests */,
			);
		};
/* End PBXProject section */

/* Begin PBXResourcesBuildPhase section */
		F677AFD42354157A000B39E4 /* Resources */ = {
			isa = PBXResourcesBuildPhase;
			buildActionMask = 2147483647;
			files = (
				F6DF7BD52436385800B3CC4A /* Logo.png in Resources */,
				F677AFE92354157D000B39E4 /* LaunchScreen.storyboard in Resources */,
				F626A106239B63D60045EC6D /* My CV.pdf in Resources */,
				F677AFE62354157D000B39E4 /* Preview Assets.xcassets in Resources */,
				F63D830D24363AC9006E8D0E /* Localizable.strings in Resources */,
				F677AFE32354157D000B39E4 /* Assets.xcassets in Resources */,
				F626A104239B63AA0045EC6D /* last_item.html in Resources */,
				F626A103239B63AA0045EC6D /* invoice.html in Resources */,
				F626A102239B63AA0045EC6D /* single_item.html in Resources */,
			);
			runOnlyForDeploymentPostprocessing = 0;
		};
		F677AFED2354157D000B39E4 /* Resources */ = {
			isa = PBXResourcesBuildPhase;
			buildActionMask = 2147483647;
			files = (
			);
			runOnlyForDeploymentPostprocessing = 0;
		};
		F677AFF82354157D000B39E4 /* Resources */ = {
			isa = PBXResourcesBuildPhase;
			buildActionMask = 2147483647;
			files = (
			);
			runOnlyForDeploymentPostprocessing = 0;
		};
/* End PBXResourcesBuildPhase section */

/* Begin PBXSourcesBuildPhase section */
		F677AFD22354157A000B39E4 /* Sources */ = {
			isa = PBXSourcesBuildPhase;
			buildActionMask = 2147483647;
			files = (
				F626A109239B65F20045EC6D /* PDFView.swift in Sources */,
				F6FEA2DB23B9B0E20014FAA0 /* ObatModel.swift in Sources */,
				F6D9791E235EAD6F00DC6673 /* HomeView.swift in Sources */,
				F6516B62237E73100035E8E4 /* SchedulePage.swift in Sources */,
				8BEE759F237E78D800B415A7 /* JadwalModel.swift in Sources */,
				F6F12EC6243EAECD00C468A9 /* CovidModel.swift in Sources */,
				F60508D9239DF71F0013156F /* CardRiwayat.swift in Sources */,
				F6F12EC2243DDEF400C468A9 /* SpinnerView.swift in Sources */,
				F6516BC82386B5C00035E8E4 /* FormObat.swift in Sources */,
				F6516BC12383807D0035E8E4 /* ImagePicker.swift in Sources */,
				F66D1CB3237BE36000E864C5 /* mPicker.swift in Sources */,
				F6516BBA23822F120035E8E4 /* OnboardingCardView.swift in Sources */,
				F60508D6239DF71F0013156F /* CardRiwayatEmpty.swift in Sources */,
				F66D1CAB237BE33100E864C5 /* SymptompsAdd.swift in Sources */,
				F60508D4239DF71F0013156F /* ScheduleMainView.swift in Sources */,
				F6516BC32385FBEE0035E8E4 /* KeyboardModel.swift in Sources */,
				F60508D5239DF71F0013156F /* CatatanJadwal.swift in Sources */,
				F60508CB239DD55B0013156F /* ProfileEditCType.swift in Sources */,
				F66D1CC0237D4D8B00E864C5 /* SymptompsView.swift in Sources */,
				F626A0CD2399FAA50045EC6D /* CancerTypeModel.swift in Sources */,
				F66D1CAA237BE33100E864C5 /* SymptompsPage.swift in Sources */,
				F66D1C80237A5B6A00E864C5 /* ProfileCancerDetailView.swift in Sources */,
				F66D1CB2237BE36000E864C5 /* mFormSet.swift in Sources */,
				F677AFDA2354157A000B39E4 /* AppDelegate.swift in Sources */,
				8B7DCB942384EC8D00C733C5 /* SchedulePageEdit.swift in Sources */,
				F626A0D2239B63330045EC6D /* Webview.swift in Sources */,
				F677AFDF2354157A000B39E4 /* KindCer.xcdatamodeld in Sources */,
				F6516BBD23822F120035E8E4 /* OnboardingCard.swift in Sources */,
				F6D97924235F355D00DC6673 /* recordCard.swift in Sources */,
				F66D1CA3237BDEEF00E864C5 /* UserModel.swift in Sources */,
				F6516BBF23824F180035E8E4 /* SummaryEmpty.swift in Sources */,
				F6F12EC0243DDDF300C468A9 /* CovidView.swift in Sources */,
				F6F1132D23BD7336000A1958 /* ObatIsEmpty.swift in Sources */,
				F6F12EC4243DE17900C468A9 /* LineView.swift in Sources */,
				F6516BBC23822F120035E8E4 /* PageViewController.swift in Sources */,
				F62C5CA623B46E9C00468D45 /* TreatmentPage.swift in Sources */,
				F66D1C93237ABED400E864C5 /* CustomLegends.swift in Sources */,
				F606DA9E23C07A1E000988ED /* ObatCard.swift in Sources */,
				F66D1C7C237A5B6A00E864C5 /* ProfileList.swift in Sources */,
				F6F12EBE243DDB9E00C468A9 /* CovidHomeView.swift in Sources */,
				F6F12EC8243ECFA200C468A9 /* CovidSymptompsView.swift in Sources */,
				F60508D3239DF71F0013156F /* ScheduleEmpty.swift in Sources */,
				F66D1CB6237C5BD100E864C5 /* SymptompsModel.swift in Sources */,
				F66D1C81237A5B6A00E864C5 /* ProfileConditionDetail.swift in Sources */,
				F66D1C5B23791A1600E864C5 /* CalendarView.swift in Sources */,
				F66D1CBF237D4D8B00E864C5 /* CardKondisi.swift in Sources */,
				F6516BB823822F120035E8E4 /* BoardingView.swift in Sources */,
				F66D1C7E237A5B6A00E864C5 /* ProfileCard.swift in Sources */,
				F6516BD223961F980035E8E4 /* ProfileEdit.swift in Sources */,
				F66D1CAC237BE33100E864C5 /* TambahCatatanView.swift in Sources */,
				F677AFE12354157A000B39E4 /* ContentView.swift in Sources */,
				F66D1C8A237A925400E864C5 /* SummaryView.swift in Sources */,
				F66D1CB8237CC8E700E864C5 /* addSymtompsDetail.swift in Sources */,
				F66D1CAD237BE33100E864C5 /* TambahCatatanPengobatan.swift in Sources */,
				F6516BB923822F120035E8E4 /* PageController.swift in Sources */,
				F66D1C95237ABF1500E864C5 /* Line.swift in Sources */,
				F6D97920235EB03D00DC6673 /* homeTitle.swift in Sources */,
				F626A10D239B7AB90045EC6D /* EmailView.swift in Sources */,
				F62C5CAA23B4737C00468D45 /* TreatmentIsEmpty.swift in Sources */,
				F677AFDC2354157A000B39E4 /* SceneDelegate.swift in Sources */,
				F626A0CF239A03140045EC6D /* ProfileAddCType.swift in Sources */,
				F606DA9C23C060B6000988ED /* TimePicker.swift in Sources */,
				F66D1C5E2379527D00E864C5 /* dateModel.swift in Sources */,
				F62C5CA823B46F2700468D45 /* ObatPage.swift in Sources */,
				F66D1C8F237ABE6500E864C5 /* customLineView.swift in Sources */,
				F6516BBB23822F120035E8E4 /* PageView.swift in Sources */,
				F66D1CB4237BE36000E864C5 /* mButton.swift in Sources */,
				F66D1CBC237D4AE800E864C5 /* Static.swift in Sources */,
				8B63EA07239A269000605140 /* ScheduleDetail.swift in Sources */,
				F62C5CAE23B475DE00468D45 /* ProgressCircle.swift in Sources */,
				F6516BC5238635750035E8E4 /* EditSymtompDetail.swift in Sources */,
				F66D1C7F237A5B6A00E864C5 /* ProfileBio.swift in Sources */,
				8B48E4B82383B4E000014BBB /* headerModal.swift in Sources */,
				F66D1CBA237CEB7800E864C5 /* RecordModel.swift in Sources */,
				F66D1C91237ABEB100E864C5 /* Helpers.swift in Sources */,
				F6516BCA2386B6300035E8E4 /* SymtompsDetail2.swift in Sources */,
				F6516BD0239611100035E8E4 /* TextFieldAlert.swift in Sources */,
				F66D1C7D237A5B6A00E864C5 /* ProfilePage.swift in Sources */,
				F62C5CA423B44A7D00468D45 /* RiwayatPage.swift in Sources */,
				F62C5CAC23B473FB00468D45 /* TreatmentCard.swift in Sources */,
				F606DAA023C2B98F000988ED /* ObatDetail.swift in Sources */,
				F6F1132F23BD743F000A1958 /* ObatAddNew.swift in Sources */,
				F6D97926235FDE3B00DC6673 /* record_empty_view.swift in Sources */,
			);
			runOnlyForDeploymentPostprocessing = 0;
		};
		F677AFEB2354157D000B39E4 /* Sources */ = {
			isa = PBXSourcesBuildPhase;
			buildActionMask = 2147483647;
			files = (
				F677AFF42354157D000B39E4 /* KindCerTests.swift in Sources */,
			);
			runOnlyForDeploymentPostprocessing = 0;
		};
		F677AFF62354157D000B39E4 /* Sources */ = {
			isa = PBXSourcesBuildPhase;
			buildActionMask = 2147483647;
			files = (
				F677AFFF2354157D000B39E4 /* KindCerUITests.swift in Sources */,
			);
			runOnlyForDeploymentPostprocessing = 0;
		};
/* End PBXSourcesBuildPhase section */

/* Begin PBXTargetDependency section */
		F677AFF12354157D000B39E4 /* PBXTargetDependency */ = {
			isa = PBXTargetDependency;
			target = F677AFD52354157A000B39E4 /* KindCer */;
			targetProxy = F677AFF02354157D000B39E4 /* PBXContainerItemProxy */;
		};
		F677AFFC2354157D000B39E4 /* PBXTargetDependency */ = {
			isa = PBXTargetDependency;
			target = F677AFD52354157A000B39E4 /* KindCer */;
			targetProxy = F677AFFB2354157D000B39E4 /* PBXContainerItemProxy */;
		};
/* End PBXTargetDependency section */

/* Begin PBXVariantGroup section */
		F63D830B24363AC9006E8D0E /* Localizable.strings */ = {
			isa = PBXVariantGroup;
			children = (
				F63D830C24363AC9006E8D0E /* en */,
				F63D830E24363AF0006E8D0E /* id */,
			);
			name = Localizable.strings;
			sourceTree = "<group>";
		};
		F677AFE72354157D000B39E4 /* LaunchScreen.storyboard */ = {
			isa = PBXVariantGroup;
			children = (
				F677AFE82354157D000B39E4 /* Base */,
			);
			name = LaunchScreen.storyboard;
			sourceTree = "<group>";
		};
/* End PBXVariantGroup section */

/* Begin XCBuildConfiguration section */
		F677B0012354157D000B39E4 /* Debug */ = {
			isa = XCBuildConfiguration;
			buildSettings = {
				ALWAYS_SEARCH_USER_PATHS = NO;
				CLANG_ANALYZER_LOCALIZABILITY_NONLOCALIZED = YES;
				CLANG_ANALYZER_NONNULL = YES;
				CLANG_ANALYZER_NUMBER_OBJECT_CONVERSION = YES_AGGRESSIVE;
				CLANG_CXX_LANGUAGE_STANDARD = "gnu++14";
				CLANG_CXX_LIBRARY = "libc++";
				CLANG_ENABLE_MODULES = YES;
				CLANG_ENABLE_OBJC_ARC = YES;
				CLANG_ENABLE_OBJC_WEAK = YES;
				CLANG_WARN_BLOCK_CAPTURE_AUTORELEASING = YES;
				CLANG_WARN_BOOL_CONVERSION = YES;
				CLANG_WARN_COMMA = YES;
				CLANG_WARN_CONSTANT_CONVERSION = YES;
				CLANG_WARN_DEPRECATED_OBJC_IMPLEMENTATIONS = YES;
				CLANG_WARN_DIRECT_OBJC_ISA_USAGE = YES_ERROR;
				CLANG_WARN_DOCUMENTATION_COMMENTS = YES;
				CLANG_WARN_EMPTY_BODY = YES;
				CLANG_WARN_ENUM_CONVERSION = YES;
				CLANG_WARN_INFINITE_RECURSION = YES;
				CLANG_WARN_INT_CONVERSION = YES;
				CLANG_WARN_NON_LITERAL_NULL_CONVERSION = YES;
				CLANG_WARN_OBJC_IMPLICIT_RETAIN_SELF = YES;
				CLANG_WARN_OBJC_LITERAL_CONVERSION = YES;
				CLANG_WARN_OBJC_ROOT_CLASS = YES_ERROR;
				CLANG_WARN_RANGE_LOOP_ANALYSIS = YES;
				CLANG_WARN_STRICT_PROTOTYPES = YES;
				CLANG_WARN_SUSPICIOUS_MOVE = YES;
				CLANG_WARN_UNGUARDED_AVAILABILITY = YES_AGGRESSIVE;
				CLANG_WARN_UNREACHABLE_CODE = YES;
				CLANG_WARN__DUPLICATE_METHOD_MATCH = YES;
				COPY_PHASE_STRIP = NO;
				DEBUG_INFORMATION_FORMAT = dwarf;
				ENABLE_STRICT_OBJC_MSGSEND = YES;
				ENABLE_TESTABILITY = YES;
				GCC_C_LANGUAGE_STANDARD = gnu11;
				GCC_DYNAMIC_NO_PIC = NO;
				GCC_NO_COMMON_BLOCKS = YES;
				GCC_OPTIMIZATION_LEVEL = 0;
				GCC_PREPROCESSOR_DEFINITIONS = (
					"DEBUG=1",
					"$(inherited)",
				);
				GCC_WARN_64_TO_32_BIT_CONVERSION = YES;
				GCC_WARN_ABOUT_RETURN_TYPE = YES_ERROR;
				GCC_WARN_UNDECLARED_SELECTOR = YES;
				GCC_WARN_UNINITIALIZED_AUTOS = YES_AGGRESSIVE;
				GCC_WARN_UNUSED_FUNCTION = YES;
				GCC_WARN_UNUSED_VARIABLE = YES;
				IPHONEOS_DEPLOYMENT_TARGET = 13.1;
				MTL_ENABLE_DEBUG_INFO = INCLUDE_SOURCE;
				MTL_FAST_MATH = YES;
				ONLY_ACTIVE_ARCH = YES;
				SDKROOT = iphoneos;
				SWIFT_ACTIVE_COMPILATION_CONDITIONS = DEBUG;
				SWIFT_OPTIMIZATION_LEVEL = "-Onone";
			};
			name = Debug;
		};
		F677B0022354157D000B39E4 /* Release */ = {
			isa = XCBuildConfiguration;
			buildSettings = {
				ALWAYS_SEARCH_USER_PATHS = NO;
				CLANG_ANALYZER_LOCALIZABILITY_NONLOCALIZED = YES;
				CLANG_ANALYZER_NONNULL = YES;
				CLANG_ANALYZER_NUMBER_OBJECT_CONVERSION = YES_AGGRESSIVE;
				CLANG_CXX_LANGUAGE_STANDARD = "gnu++14";
				CLANG_CXX_LIBRARY = "libc++";
				CLANG_ENABLE_MODULES = YES;
				CLANG_ENABLE_OBJC_ARC = YES;
				CLANG_ENABLE_OBJC_WEAK = YES;
				CLANG_WARN_BLOCK_CAPTURE_AUTORELEASING = YES;
				CLANG_WARN_BOOL_CONVERSION = YES;
				CLANG_WARN_COMMA = YES;
				CLANG_WARN_CONSTANT_CONVERSION = YES;
				CLANG_WARN_DEPRECATED_OBJC_IMPLEMENTATIONS = YES;
				CLANG_WARN_DIRECT_OBJC_ISA_USAGE = YES_ERROR;
				CLANG_WARN_DOCUMENTATION_COMMENTS = YES;
				CLANG_WARN_EMPTY_BODY = YES;
				CLANG_WARN_ENUM_CONVERSION = YES;
				CLANG_WARN_INFINITE_RECURSION = YES;
				CLANG_WARN_INT_CONVERSION = YES;
				CLANG_WARN_NON_LITERAL_NULL_CONVERSION = YES;
				CLANG_WARN_OBJC_IMPLICIT_RETAIN_SELF = YES;
				CLANG_WARN_OBJC_LITERAL_CONVERSION = YES;
				CLANG_WARN_OBJC_ROOT_CLASS = YES_ERROR;
				CLANG_WARN_RANGE_LOOP_ANALYSIS = YES;
				CLANG_WARN_STRICT_PROTOTYPES = YES;
				CLANG_WARN_SUSPICIOUS_MOVE = YES;
				CLANG_WARN_UNGUARDED_AVAILABILITY = YES_AGGRESSIVE;
				CLANG_WARN_UNREACHABLE_CODE = YES;
				CLANG_WARN__DUPLICATE_METHOD_MATCH = YES;
				COPY_PHASE_STRIP = NO;
				DEBUG_INFORMATION_FORMAT = "dwarf-with-dsym";
				ENABLE_NS_ASSERTIONS = NO;
				ENABLE_STRICT_OBJC_MSGSEND = YES;
				GCC_C_LANGUAGE_STANDARD = gnu11;
				GCC_NO_COMMON_BLOCKS = YES;
				GCC_WARN_64_TO_32_BIT_CONVERSION = YES;
				GCC_WARN_ABOUT_RETURN_TYPE = YES_ERROR;
				GCC_WARN_UNDECLARED_SELECTOR = YES;
				GCC_WARN_UNINITIALIZED_AUTOS = YES_AGGRESSIVE;
				GCC_WARN_UNUSED_FUNCTION = YES;
				GCC_WARN_UNUSED_VARIABLE = YES;
				IPHONEOS_DEPLOYMENT_TARGET = 13.1;
				MTL_ENABLE_DEBUG_INFO = NO;
				MTL_FAST_MATH = YES;
				SDKROOT = iphoneos;
				SWIFT_COMPILATION_MODE = wholemodule;
				SWIFT_OPTIMIZATION_LEVEL = "-O";
				VALIDATE_PRODUCT = YES;
			};
			name = Release;
		};
		F677B0042354157D000B39E4 /* Debug */ = {
			isa = XCBuildConfiguration;
			buildSettings = {
				ASSETCATALOG_COMPILER_APPICON_NAME = AppIcon;
				CODE_SIGN_ENTITLEMENTS = KindCer/Relia.entitlements;
				CODE_SIGN_STYLE = Automatic;
				CURRENT_PROJECT_VERSION = 1;
				DEVELOPMENT_ASSET_PATHS = "\"KindCer/Preview Content\"";
				DEVELOPMENT_TEAM = 52RX5R54N7;
				ENABLE_PREVIEWS = YES;
				INFOPLIST_FILE = KindCer/Info.plist;
				LD_RUNPATH_SEARCH_PATHS = (
					"$(inherited)",
					"@executable_path/Frameworks",
				);
				MARKETING_VERSION = 1.2.3;
				PRODUCT_BUNDLE_IDENTIFIER = ada.KindCer;
				PRODUCT_NAME = Relia;
				SUPPORTS_MACCATALYST = NO;
				SWIFT_VERSION = 5.0;
				TARGETED_DEVICE_FAMILY = "1,2";
			};
			name = Debug;
		};
		F677B0052354157D000B39E4 /* Release */ = {
			isa = XCBuildConfiguration;
			buildSettings = {
				ASSETCATALOG_COMPILER_APPICON_NAME = AppIcon;
				CODE_SIGN_ENTITLEMENTS = KindCer/Relia.entitlements;
				CODE_SIGN_IDENTITY = "Apple Development";
				CODE_SIGN_STYLE = Automatic;
				CURRENT_PROJECT_VERSION = 1;
				DEVELOPMENT_ASSET_PATHS = "\"KindCer/Preview Content\"";
				DEVELOPMENT_TEAM = 52RX5R54N7;
				ENABLE_PREVIEWS = YES;
				INFOPLIST_FILE = KindCer/Info.plist;
				LD_RUNPATH_SEARCH_PATHS = (
					"$(inherited)",
					"@executable_path/Frameworks",
				);
				MARKETING_VERSION = 1.2.3;
				PRODUCT_BUNDLE_IDENTIFIER = ada.Kindcer;
				PRODUCT_NAME = Relia;
				PROVISIONING_PROFILE_SPECIFIER = "";
				SUPPORTS_MACCATALYST = NO;
				SWIFT_VERSION = 5.0;
				TARGETED_DEVICE_FAMILY = "1,2";
			};
			name = Release;
		};
		F677B0072354157D000B39E4 /* Debug */ = {
			isa = XCBuildConfiguration;
			buildSettings = {
				ALWAYS_EMBED_SWIFT_STANDARD_LIBRARIES = YES;
				BUNDLE_LOADER = "$(TEST_HOST)";
				CODE_SIGN_STYLE = Automatic;
				DEVELOPMENT_TEAM = 52RX5R54N7;
				INFOPLIST_FILE = KindCerTests/Info.plist;
				IPHONEOS_DEPLOYMENT_TARGET = 13.1;
				LD_RUNPATH_SEARCH_PATHS = (
					"$(inherited)",
					"@executable_path/Frameworks",
					"@loader_path/Frameworks",
				);
				PRODUCT_BUNDLE_IDENTIFIER = ada.KindCerTests;
				PRODUCT_NAME = "$(TARGET_NAME)";
				SWIFT_VERSION = 5.0;
				TARGETED_DEVICE_FAMILY = "1,2";
				TEST_HOST = "$(BUILT_PRODUCTS_DIR)/KindCer.app/KindCer";
			};
			name = Debug;
		};
		F677B0082354157D000B39E4 /* Release */ = {
			isa = XCBuildConfiguration;
			buildSettings = {
				ALWAYS_EMBED_SWIFT_STANDARD_LIBRARIES = YES;
				BUNDLE_LOADER = "$(TEST_HOST)";
				CODE_SIGN_STYLE = Automatic;
				DEVELOPMENT_TEAM = 52RX5R54N7;
				INFOPLIST_FILE = KindCerTests/Info.plist;
				IPHONEOS_DEPLOYMENT_TARGET = 13.1;
				LD_RUNPATH_SEARCH_PATHS = (
					"$(inherited)",
					"@executable_path/Frameworks",
					"@loader_path/Frameworks",
				);
				PRODUCT_BUNDLE_IDENTIFIER = ada.KindCerTests;
				PRODUCT_NAME = "$(TARGET_NAME)";
				SWIFT_VERSION = 5.0;
				TARGETED_DEVICE_FAMILY = "1,2";
				TEST_HOST = "$(BUILT_PRODUCTS_DIR)/KindCer.app/KindCer";
			};
			name = Release;
		};
		F677B00A2354157D000B39E4 /* Debug */ = {
			isa = XCBuildConfiguration;
			buildSettings = {
				ALWAYS_EMBED_SWIFT_STANDARD_LIBRARIES = YES;
				CODE_SIGN_STYLE = Automatic;
				DEVELOPMENT_TEAM = 52RX5R54N7;
				INFOPLIST_FILE = KindCerUITests/Info.plist;
				LD_RUNPATH_SEARCH_PATHS = (
					"$(inherited)",
					"@executable_path/Frameworks",
					"@loader_path/Frameworks",
				);
				PRODUCT_BUNDLE_IDENTIFIER = ada.KindCerUITests;
				PRODUCT_NAME = "$(TARGET_NAME)";
				SWIFT_VERSION = 5.0;
				TARGETED_DEVICE_FAMILY = "1,2";
				TEST_TARGET_NAME = KindCer;
			};
			name = Debug;
		};
		F677B00B2354157D000B39E4 /* Release */ = {
			isa = XCBuildConfiguration;
			buildSettings = {
				ALWAYS_EMBED_SWIFT_STANDARD_LIBRARIES = YES;
				CODE_SIGN_STYLE = Automatic;
				DEVELOPMENT_TEAM = 52RX5R54N7;
				INFOPLIST_FILE = KindCerUITests/Info.plist;
				LD_RUNPATH_SEARCH_PATHS = (
					"$(inherited)",
					"@executable_path/Frameworks",
					"@loader_path/Frameworks",
				);
				PRODUCT_BUNDLE_IDENTIFIER = ada.KindCerUITests;
				PRODUCT_NAME = "$(TARGET_NAME)";
				SWIFT_VERSION = 5.0;
				TARGETED_DEVICE_FAMILY = "1,2";
				TEST_TARGET_NAME = KindCer;
			};
			name = Release;
		};
/* End XCBuildConfiguration section */

/* Begin XCConfigurationList section */
		F677AFD12354157A000B39E4 /* Build configuration list for PBXProject "KindCer" */ = {
			isa = XCConfigurationList;
			buildConfigurations = (
				F677B0012354157D000B39E4 /* Debug */,
				F677B0022354157D000B39E4 /* Release */,
			);
			defaultConfigurationIsVisible = 0;
			defaultConfigurationName = Release;
		};
		F677B0032354157D000B39E4 /* Build configuration list for PBXNativeTarget "KindCer" */ = {
			isa = XCConfigurationList;
			buildConfigurations = (
				F677B0042354157D000B39E4 /* Debug */,
				F677B0052354157D000B39E4 /* Release */,
			);
			defaultConfigurationIsVisible = 0;
			defaultConfigurationName = Release;
		};
		F677B0062354157D000B39E4 /* Build configuration list for PBXNativeTarget "KindCerTests" */ = {
			isa = XCConfigurationList;
			buildConfigurations = (
				F677B0072354157D000B39E4 /* Debug */,
				F677B0082354157D000B39E4 /* Release */,
			);
			defaultConfigurationIsVisible = 0;
			defaultConfigurationName = Release;
		};
		F677B0092354157D000B39E4 /* Build configuration list for PBXNativeTarget "KindCerUITests" */ = {
			isa = XCConfigurationList;
			buildConfigurations = (
				F677B00A2354157D000B39E4 /* Debug */,
				F677B00B2354157D000B39E4 /* Release */,
			);
			defaultConfigurationIsVisible = 0;
			defaultConfigurationName = Release;
		};
/* End XCConfigurationList section */

/* Begin XCVersionGroup section */
		F677AFDD2354157A000B39E4 /* KindCer.xcdatamodeld */ = {
			isa = XCVersionGroup;
			children = (
				F677AFDE2354157A000B39E4 /* KindCer.xcdatamodel */,
			);
			currentVersion = F677AFDE2354157A000B39E4 /* KindCer.xcdatamodel */;
			path = KindCer.xcdatamodeld;
			sourceTree = "<group>";
			versionGroupType = wrapper.xcdatamodel;
		};
/* End XCVersionGroup section */
	};
	rootObject = F677AFCE2354157A000B39E4 /* Project object */;
}
